
Microsoft Visual Studio Solution File, Format Version 12.00
# Visual Studio Version 16
VisualStudioVersion = 16.0.32510.428
MinimumVisualStudioVersion = 10.0.40219.1
Project("{FAE04EC0-301F-11D3-BF4B-00C04F79EFBC}") = "ÖdevKoşu", "ÖdevKoşu\ÖdevKoşu.csproj", "{7AEE33A6-1053-4F33-9D4F-FCD2C0A5BC95}"
EndProject
Global
	GlobalSection(SolutionConfigurationPlatforms) = preSolution
		Debug|Any CPU = Debug|Any CPU
		Release|Any CPU = Release|Any CPU
	EndGlobalSection
	GlobalSection(ProjectConfigurationPlatforms) = postSolution
		{7AEE33A6-1053-4F33-9D4F-FCD2C0A5BC95}.Debug|Any CPU.ActiveCfg = Debug|Any CPU
		{7AEE33A6-1053-4F33-9D4F-FCD2C0A5BC95}.Debug|Any CPU.Build.0 = Debug|Any CPU
		{7AEE33A6-1053-4F33-9D4F-FCD2C0A5BC95}.Release|Any CPU.ActiveCfg = Release|Any CPU
		{7AEE33A6-1053-4F33-9D4F-FCD2C0A5BC95}.Release|Any CPU.Build.0 = Release|Any CPU
	EndGlobalSection
	GlobalSection(SolutionProperties) = preSolution
		HideSolutionNode = FALSE
	EndGlobalSection
	GlobalSection(ExtensibilityGlobals) = postSolution
		SolutionGuid = {0FCAABD5-816F-40EA-86B5-3D3DCA07C528}
	EndGlobalSection
EndGlobal
